// !$*UTF8*$!
{
	archiveVersion = 1;
	classes = {
	};
	objectVersion = 56;
	objects = {

/* Begin PBXBuildFile section */
		CE15307E2AA85DCE0073C350 /* OtusHW1App.swift in Sources */ = {isa = PBXBuildFile; fileRef = CE15307D2AA85DCE0073C350 /* OtusHW1App.swift */; };
		CE1530802AA85DCE0073C350 /* ContentView.swift in Sources */ = {isa = PBXBuildFile; fileRef = CE15307F2AA85DCE0073C350 /* ContentView.swift */; };
		CE1530822AA85DCF0073C350 /* Assets.xcassets in Resources */ = {isa = PBXBuildFile; fileRef = CE1530812AA85DCF0073C350 /* Assets.xcassets */; };
		CE1530852AA85DCF0073C350 /* Preview Assets.xcassets in Resources */ = {isa = PBXBuildFile; fileRef = CE1530842AA85DCF0073C350 /* Preview Assets.xcassets */; };
		CE15308C2AA85EFC0073C350 /* TimerScreen.swift in Sources */ = {isa = PBXBuildFile; fileRef = CE15308B2AA85EFC0073C350 /* TimerScreen.swift */; };
		CE15308E2AA85FC90073C350 /* TimerListScreen.swift in Sources */ = {isa = PBXBuildFile; fileRef = CE15308D2AA85FC90073C350 /* TimerListScreen.swift */; };
		CE1530902AA860300073C350 /* NewTimerScreen.swift in Sources */ = {isa = PBXBuildFile; fileRef = CE15308F2AA860300073C350 /* NewTimerScreen.swift */; };
		CE1530942AA8610B0073C350 /* Timer.swift in Sources */ = {isa = PBXBuildFile; fileRef = CE1530932AA8610B0073C350 /* Timer.swift */; };
		CE1530962AA864A00073C350 /* TimerEditView.swift in Sources */ = {isa = PBXBuildFile; fileRef = CE1530952AA864A00073C350 /* TimerEditView.swift */; };
		CECD20502AA888E40029B43B /* TimePicker.swift in Sources */ = {isa = PBXBuildFile; fileRef = CECD204F2AA888E40029B43B /* TimePicker.swift */; };
		CECD20522AA8A4820029B43B /* AppState.swift in Sources */ = {isa = PBXBuildFile; fileRef = CECD20512AA8A4820029B43B /* AppState.swift */; };
/* End PBXBuildFile section */

/* Begin PBXFileReference section */
		CE15307A2AA85DCE0073C350 /* OtusHW1.app */ = {isa = PBXFileReference; explicitFileType = wrapper.application; includeInIndex = 0; path = OtusHW1.app; sourceTree = BUILT_PRODUCTS_DIR; };
		CE15307D2AA85DCE0073C350 /* OtusHW1App.swift */ = {isa = PBXFileReference; lastKnownFileType = sourcecode.swift; path = OtusHW1App.swift; sourceTree = "<group>"; };
		CE15307F2AA85DCE0073C350 /* ContentView.swift */ = {isa = PBXFileReference; lastKnownFileType = sourcecode.swift; path = ContentView.swift; sourceTree = "<group>"; };
		CE1530812AA85DCF0073C350 /* Assets.xcassets */ = {isa = PBXFileReference; lastKnownFileType = folder.assetcatalog; path = Assets.xcassets; sourceTree = "<group>"; };
		CE1530842AA85DCF0073C350 /* Preview Assets.xcassets */ = {isa = PBXFileReference; lastKnownFileType = folder.assetcatalog; path = "Preview Assets.xcassets"; sourceTree = "<group>"; };
		CE15308B2AA85EFC0073C350 /* TimerScreen.swift */ = {isa = PBXFileReference; lastKnownFileType = sourcecode.swift; path = TimerScreen.swift; sourceTree = "<group>"; };
		CE15308D2AA85FC90073C350 /* TimerListScreen.swift */ = {isa = PBXFileReference; lastKnownFileType = sourcecode.swift; path = TimerListScreen.swift; sourceTree = "<group>"; };
		CE15308F2AA860300073C350 /* NewTimerScreen.swift */ = {isa = PBXFileReference; lastKnownFileType = sourcecode.swift; path = NewTimerScreen.swift; sourceTree = "<group>"; };
		CE1530932AA8610B0073C350 /* Timer.swift */ = {isa = PBXFileReference; lastKnownFileType = sourcecode.swift; path = Timer.swift; sourceTree = "<group>"; };
		CE1530952AA864A00073C350 /* TimerEditView.swift */ = {isa = PBXFileReference; lastKnownFileType = sourcecode.swift; path = TimerEditView.swift; sourceTree = "<group>"; };
		CECD204F2AA888E40029B43B /* TimePicker.swift */ = {isa = PBXFileReference; lastKnownFileType = sourcecode.swift; path = TimePicker.swift; sourceTree = "<group>"; };
		CECD20512AA8A4820029B43B /* AppState.swift */ = {isa = PBXFileReference; lastKnownFileType = sourcecode.swift; path = AppState.swift; sourceTree = "<group>"; };
/* End PBXFileReference section */

/* Begin PBXFrameworksBuildPhase section */
		CE1530772AA85DCE0073C350 /* Frameworks */ = {
			isa = PBXFrameworksBuildPhase;
			buildActionMask = 2147483647;
			files = (
			);
			runOnlyForDeploymentPostprocessing = 0;
		};
/* End PBXFrameworksBuildPhase section */

/* Begin PBXGroup section */
		CE1530712AA85DCE0073C350 = {
			isa = PBXGroup;
			children = (
				CE15307C2AA85DCE0073C350 /* OtusHW1 */,
				CE15307B2AA85DCE0073C350 /* Products */,
			);
			sourceTree = "<group>";
		};
		CE15307B2AA85DCE0073C350 /* Products */ = {
			isa = PBXGroup;
			children = (
				CE15307A2AA85DCE0073C350 /* OtusHW1.app */,
			);
			name = Products;
			sourceTree = "<group>";
		};
		CE15307C2AA85DCE0073C350 /* OtusHW1 */ = {
			isa = PBXGroup;
			children = (
				CE1530922AA8609A0073C350 /* Model */,
				CE15307D2AA85DCE0073C350 /* OtusHW1App.swift */,
				CE1530912AA860670073C350 /* Views */,
				CE1530812AA85DCF0073C350 /* Assets.xcassets */,
				CE1530832AA85DCF0073C350 /* Preview Content */,
			);
			path = OtusHW1;
			sourceTree = "<group>";
		};
		CE1530832AA85DCF0073C350 /* Preview Content */ = {
			isa = PBXGroup;
			children = (
				CE1530842AA85DCF0073C350 /* Preview Assets.xcassets */,
			);
			path = "Preview Content";
			sourceTree = "<group>";
		};
		CE1530912AA860670073C350 /* Views */ = {
			isa = PBXGroup;
			children = (
				CE15307F2AA85DCE0073C350 /* ContentView.swift */,
				CE15308B2AA85EFC0073C350 /* TimerScreen.swift */,
				CE15308D2AA85FC90073C350 /* TimerListScreen.swift */,
				CE15308F2AA860300073C350 /* NewTimerScreen.swift */,
				CECD204F2AA888E40029B43B /* TimePicker.swift */,
				CE1530952AA864A00073C350 /* TimerEditView.swift */,
			);
			path = Views;
			sourceTree = "<group>";
		};
		CE1530922AA8609A0073C350 /* Model */ = {
			isa = PBXGroup;
			children = (
				CE1530932AA8610B0073C350 /* Timer.swift */,
				CECD20512AA8A4820029B43B /* AppState.swift */,
			);
			path = Model;
			sourceTree = "<group>";
		};
/* End PBXGroup section */

/* Begin PBXNativeTarget section */
		CE1530792AA85DCE0073C350 /* OtusHW1 */ = {
			isa = PBXNativeTarget;
			buildConfigurationList = CE1530882AA85DCF0073C350 /* Build configuration list for PBXNativeTarget "OtusHW1" */;
			buildPhases = (
				CE1530762AA85DCE0073C350 /* Sources */,
				CE1530772AA85DCE0073C350 /* Frameworks */,
				CE1530782AA85DCE0073C350 /* Resources */,
			);
			buildRules = (
			);
			dependencies = (
			);
			name = OtusHW1;
			productName = OtusHW1;
			productReference = CE15307A2AA85DCE0073C350 /* OtusHW1.app */;
			productType = "com.apple.product-type.application";
		};
/* End PBXNativeTarget section */

/* Begin PBXProject section */
		CE1530722AA85DCE0073C350 /* Project object */ = {
			isa = PBXProject;
			attributes = {
				BuildIndependentTargetsInParallel = 1;
				LastSwiftUpdateCheck = 1430;
				LastUpgradeCheck = 1430;
				TargetAttributes = {
					CE1530792AA85DCE0073C350 = {
						CreatedOnToolsVersion = 14.3.1;
					};
				};
			};
			buildConfigurationList = CE1530752AA85DCE0073C350 /* Build configuration list for PBXProject "OtusHW1" */;
			compatibilityVersion = "Xcode 14.0";
			developmentRegion = en;
			hasScannedForEncodings = 0;
			knownRegions = (
				en,
				Base,
			);
			mainGroup = CE1530712AA85DCE0073C350;
			productRefGroup = CE15307B2AA85DCE0073C350 /* Products */;
			projectDirPath = "";
			projectRoot = "";
			targets = (
				CE1530792AA85DCE0073C350 /* OtusHW1 */,
			);
		};
/* End PBXProject section */

/* Begin PBXResourcesBuildPhase section */
		CE1530782AA85DCE0073C350 /* Resources */ = {
			isa = PBXResourcesBuildPhase;
			buildActionMask = 2147483647;
			files = (
				CE1530852AA85DCF0073C350 /* Preview Assets.xcassets in Resources */,
				CE1530822AA85DCF0073C350 /* Assets.xcassets in Resources */,
			);
			runOnlyForDeploymentPostprocessing = 0;
		};
/* End PBXResourcesBuildPhase section */

/* Begin PBXSourcesBuildPhase section */
		CE1530762AA85DCE0073C350 /* Sources */ = {
			isa = PBXSourcesBuildPhase;
			buildActionMask = 2147483647;
			files = (
				CE1530802AA85DCE0073C350 /* ContentView.swift in Sources */,
				CE15308E2AA85FC90073C350 /* TimerListScreen.swift in Sources */,
				CE1530962AA864A00073C350 /* TimerEditView.swift in Sources */,
				CECD20522AA8A4820029B43B /* AppState.swift in Sources */,
				CE1530902AA860300073C350 /* NewTimerScreen.swift in Sources */,
				CECD20502AA888E40029B43B /* TimePicker.swift in Sources */,
				CE1530942AA8610B0073C350 /* Timer.swift in Sources */,
				CE15307E2AA85DCE0073C350 /* OtusHW1App.swift in Sources */,
				CE15308C2AA85EFC0073C350 /* TimerScreen.swift in Sources */,
			);
			runOnlyForDeploymentPostprocessing = 0;
		};
/* End PBXSourcesBuildPhase section */

/* Begin XCBuildConfiguration section */
		CE1530862AA85DCF0073C350 /* Debug */ = {
			isa = XCBuildConfiguration;
			buildSettings = {
				ALWAYS_SEARCH_USER_PATHS = NO;
				CLANG_ANALYZER_NONNULL = YES;
				CLANG_ANALYZER_NUMBER_OBJECT_CONVERSION = YES_AGGRESSIVE;
				CLANG_CXX_LANGUAGE_STANDARD = "gnu++20";
				CLANG_ENABLE_MODULES = YES;
				CLANG_ENABLE_OBJC_ARC = YES;
				CLANG_ENABLE_OBJC_WEAK = YES;
				CLANG_WARN_BLOCK_CAPTURE_AUTORELEASING = YES;
				CLANG_WARN_BOOL_CONVERSION = YES;
				CLANG_WARN_COMMA = YES;
				CLANG_WARN_CONSTANT_CONVERSION = YES;
				CLANG_WARN_DEPRECATED_OBJC_IMPLEMENTATIONS = YES;
				CLANG_WARN_DIRECT_OBJC_ISA_USAGE = YES_ERROR;
				CLANG_WARN_DOCUMENTATION_COMMENTS = YES;
				CLANG_WARN_EMPTY_BODY = YES;
				CLANG_WARN_ENUM_CONVERSION = YES;
				CLANG_WARN_INFINITE_RECURSION = YES;
				CLANG_WARN_INT_CONVERSION = YES;
				CLANG_WARN_NON_LITERAL_NULL_CONVERSION = YES;
				CLANG_WARN_OBJC_IMPLICIT_RETAIN_SELF = YES;
				CLANG_WARN_OBJC_LITERAL_CONVERSION = YES;
				CLANG_WARN_OBJC_ROOT_CLASS = YES_ERROR;
				CLANG_WARN_QUOTED_INCLUDE_IN_FRAMEWORK_HEADER = YES;
				CLANG_WARN_RANGE_LOOP_ANALYSIS = YES;
				CLANG_WARN_STRICT_PROTOTYPES = YES;
				CLANG_WARN_SUSPICIOUS_MOVE = YES;
				CLANG_WARN_UNGUARDED_AVAILABILITY = YES_AGGRESSIVE;
				CLANG_WARN_UNREACHABLE_CODE = YES;
				CLANG_WARN__DUPLICATE_METHOD_MATCH = YES;
				COPY_PHASE_STRIP = NO;
				DEBUG_INFORMATION_FORMAT = dwarf;
				ENABLE_STRICT_OBJC_MSGSEND = YES;
				ENABLE_TESTABILITY = YES;
				GCC_C_LANGUAGE_STANDARD = gnu11;
				GCC_DYNAMIC_NO_PIC = NO;
				GCC_NO_COMMON_BLOCKS = YES;
				GCC_OPTIMIZATION_LEVEL = 0;
				GCC_PREPROCESSOR_DEFINITIONS = (
					"DEBUG=1",
					"$(inherited)",
				);
				GCC_WARN_64_TO_32_BIT_CONVERSION = YES;
				GCC_WARN_ABOUT_RETURN_TYPE = YES_ERROR;
				GCC_WARN_UNDECLARED_SELECTOR = YES;
				GCC_WARN_UNINITIALIZED_AUTOS = YES_AGGRESSIVE;
				GCC_WARN_UNUSED_FUNCTION = YES;
				GCC_WARN_UNUSED_VARIABLE = YES;
				IPHONEOS_DEPLOYMENT_TARGET = 16.4;
				MTL_ENABLE_DEBUG_INFO = INCLUDE_SOURCE;
				MTL_FAST_MATH = YES;
				ONLY_ACTIVE_ARCH = YES;
				SDKROOT = iphoneos;
				SWIFT_ACTIVE_COMPILATION_CONDITIONS = DEBUG;
				SWIFT_OPTIMIZATION_LEVEL = "-Onone";
			};
			name = Debug;
		};
		CE1530872AA85DCF0073C350 /* Release */ = {
			isa = XCBuildConfiguration;
			buildSettings = {
				ALWAYS_SEARCH_USER_PATHS = NO;
				CLANG_ANALYZER_NONNULL = YES;
				CLANG_ANALYZER_NUMBER_OBJECT_CONVERSION = YES_AGGRESSIVE;
				CLANG_CXX_LANGUAGE_STANDARD = "gnu++20";
				CLANG_ENABLE_MODULES = YES;
				CLANG_ENABLE_OBJC_ARC = YES;
				CLANG_ENABLE_OBJC_WEAK = YES;
				CLANG_WARN_BLOCK_CAPTURE_AUTORELEASING = YES;
				CLANG_WARN_BOOL_CONVERSION = YES;
				CLANG_WARN_COMMA = YES;
				CLANG_WARN_CONSTANT_CONVERSION = YES;
				CLANG_WARN_DEPRECATED_OBJC_IMPLEMENTATIONS = YES;
				CLANG_WARN_DIRECT_OBJC_ISA_USAGE = YES_ERROR;
				CLANG_WARN_DOCUMENTATION_COMMENTS = YES;
				CLANG_WARN_EMPTY_BODY = YES;
				CLANG_WARN_ENUM_CONVERSION = YES;
				CLANG_WARN_INFINITE_RECURSION = YES;
				CLANG_WARN_INT_CONVERSION = YES;
				CLANG_WARN_NON_LITERAL_NULL_CONVERSION = YES;
				CLANG_WARN_OBJC_IMPLICIT_RETAIN_SELF = YES;
				CLANG_WARN_OBJC_LITERAL_CONVERSION = YES;
				CLANG_WARN_OBJC_ROOT_CLASS = YES_ERROR;
				CLANG_WARN_QUOTED_INCLUDE_IN_FRAMEWORK_HEADER = YES;
				CLANG_WARN_RANGE_LOOP_ANALYSIS = YES;
				CLANG_WARN_STRICT_PROTOTYPES = YES;
				CLANG_WARN_SUSPICIOUS_MOVE = YES;
				CLANG_WARN_UNGUARDED_AVAILABILITY = YES_AGGRESSIVE;
				CLANG_WARN_UNREACHABLE_CODE = YES;
				CLANG_WARN__DUPLICATE_METHOD_MATCH = YES;
				COPY_PHASE_STRIP = NO;
				DEBUG_INFORMATION_FORMAT = "dwarf-with-dsym";
				ENABLE_NS_ASSERTIONS = NO;
				ENABLE_STRICT_OBJC_MSGSEND = YES;
				GCC_C_LANGUAGE_STANDARD = gnu11;
				GCC_NO_COMMON_BLOCKS = YES;
				GCC_WARN_64_TO_32_BIT_CONVERSION = YES;
				GCC_WARN_ABOUT_RETURN_TYPE = YES_ERROR;
				GCC_WARN_UNDECLARED_SELECTOR = YES;
				GCC_WARN_UNINITIALIZED_AUTOS = YES_AGGRESSIVE;
				GCC_WARN_UNUSED_FUNCTION = YES;
				GCC_WARN_UNUSED_VARIABLE = YES;
				IPHONEOS_DEPLOYMENT_TARGET = 16.4;
				MTL_ENABLE_DEBUG_INFO = NO;
				MTL_FAST_MATH = YES;
				SDKROOT = iphoneos;
				SWIFT_COMPILATION_MODE = wholemodule;
				SWIFT_OPTIMIZATION_LEVEL = "-O";
				VALIDATE_PRODUCT = YES;
			};
			name = Release;
		};
		CE1530892AA85DCF0073C350 /* Debug */ = {
			isa = XCBuildConfiguration;
			buildSettings = {
				ASSETCATALOG_COMPILER_APPICON_NAME = AppIcon;
				ASSETCATALOG_COMPILER_GLOBAL_ACCENT_COLOR_NAME = AccentColor;
				CODE_SIGN_STYLE = Automatic;
				CURRENT_PROJECT_VERSION = 1;
				DEVELOPMENT_ASSET_PATHS = "\"OtusHW1/Preview Content\"";
				DEVELOPMENT_TEAM = 2X2VGHTNU5;
				ENABLE_PREVIEWS = YES;
				GENERATE_INFOPLIST_FILE = YES;
				INFOPLIST_KEY_UIApplicationSceneManifest_Generation = YES;
				INFOPLIST_KEY_UIApplicationSupportsIndirectInputEvents = YES;
				INFOPLIST_KEY_UILaunchScreen_Generation = YES;
				INFOPLIST_KEY_UISupportedInterfaceOrientations_iPad = "UIInterfaceOrientationPortrait UIInterfaceOrientationPortraitUpsideDown UIInterfaceOrientationLandscapeLeft UIInterfaceOrientationLandscapeRight";
				INFOPLIST_KEY_UISupportedInterfaceOrientations_iPhone = "UIInterfaceOrientationPortrait UIInterfaceOrientationLandscapeLeft UIInterfaceOrientationLandscapeRight";
				LD_RUNPATH_SEARCH_PATHS = (
					"$(inherited)",
					"@executable_path/Frameworks",
				);
				MARKETING_VERSION = 1.0;
				PRODUCT_BUNDLE_IDENTIFIER = ru.flat112.OtusHW1;
				PRODUCT_NAME = "$(TARGET_NAME)";
				SWIFT_EMIT_LOC_STRINGS = YES;
				SWIFT_VERSION = 5.0;
				TARGETED_DEVICE_FAMILY = "1,2";
			};
			name = Debug;
		};
		CE15308A2AA85DCF0073C350 /* Release */ = {
			isa = XCBuildConfiguration;
			buildSettings = {
				ASSETCATALOG_COMPILER_APPICON_NAME = AppIcon;
				ASSETCATALOG_COMPILER_GLOBAL_ACCENT_COLOR_NAME = AccentColor;
				CODE_SIGN_STYLE = Automatic;
				CURRENT_PROJECT_VERSION = 1;
				DEVELOPMENT_ASSET_PATHS = "\"OtusHW1/Preview Content\"";
				DEVELOPMENT_TEAM = 2X2VGHTNU5;
				ENABLE_PREVIEWS = YES;
				GENERATE_INFOPLIST_FILE = YES;
				INFOPLIST_KEY_UIApplicationSceneManifest_Generation = YES;
				INFOPLIST_KEY_UIApplicationSupportsIndirectInputEvents = YES;
				INFOPLIST_KEY_UILaunchScreen_Generation = YES;
				INFOPLIST_KEY_UISupportedInterfaceOrientations_iPad = "UIInterfaceOrientationPortrait UIInterfaceOrientationPortraitUpsideDown UIInterfaceOrientationLandscapeLeft UIInterfaceOrientationLandscapeRight";
				INFOPLIST_KEY_UISupportedInterfaceOrientations_iPhone = "UIInterfaceOrientationPortrait UIInterfaceOrientationLandscapeLeft UIInterfaceOrientationLandscapeRight";
				LD_RUNPATH_SEARCH_PATHS = (
					"$(inherited)",
					"@executable_path/Frameworks",
				);
				MARKETING_VERSION = 1.0;
				PRODUCT_BUNDLE_IDENTIFIER = ru.flat112.OtusHW1;
				PRODUCT_NAME = "$(TARGET_NAME)";
				SWIFT_EMIT_LOC_STRINGS = YES;
				SWIFT_VERSION = 5.0;
				TARGETED_DEVICE_FAMILY = "1,2";
			};
			name = Release;
		};
/* End XCBuildConfiguration section */

/* Begin XCConfigurationList section */
		CE1530752AA85DCE0073C350 /* Build configuration list for PBXProject "OtusHW1" */ = {
			isa = XCConfigurationList;
			buildConfigurations = (
				CE1530862AA85DCF0073C350 /* Debug */,
				CE1530872AA85DCF0073C350 /* Release */,
			);
			defaultConfigurationIsVisible = 0;
			defaultConfigurationName = Release;
		};
		CE1530882AA85DCF0073C350 /* Build configuration list for PBXNativeTarget "OtusHW1" */ = {
			isa = XCConfigurationList;
			buildConfigurations = (
				CE1530892AA85DCF0073C350 /* Debug */,
				CE15308A2AA85DCF0073C350 /* Release */,
			);
			defaultConfigurationIsVisible = 0;
			defaultConfigurationName = Release;
		};
/* End XCConfigurationList section */
	};
	rootObject = CE1530722AA85DCE0073C350 /* Project object */;
}
